<?xml version="1.0" encoding="utf-8"?>
<Project ToolsVersion="17.0" xmlns="http://schemas.microsoft.com/developer/msbuild/2003">
  <ItemGroup>
    <ClCompile Include="C:\Users\hyeon-308-9\Network_IOCP_FianlProject\GameServer\recastnavigation\DetourCrowd\Source\DetourCrowd.cpp">
      <Filter>Source Files</Filter>
    </ClCompile>
    <ClCompile Include="C:\Users\hyeon-308-9\Network_IOCP_FianlProject\GameServer\recastnavigation\DetourCrowd\Source\DetourLocalBoundary.cpp">
      <Filter>Source Files</Filter>
    </ClCompile>
    <ClCompile Include="C:\Users\hyeon-308-9\Network_IOCP_FianlProject\GameServer\recastnavigation\DetourCrowd\Source\DetourObstacleAvoidance.cpp">
      <Filter>Source Files</Filter>
    </ClCompile>
    <ClCompile Include="C:\Users\hyeon-308-9\Network_IOCP_FianlProject\GameServer\recastnavigation\DetourCrowd\Source\DetourPathCorridor.cpp">
      <Filter>Source Files</Filter>
    </ClCompile>
    <ClCompile Include="C:\Users\hyeon-308-9\Network_IOCP_FianlProject\GameServer\recastnavigation\DetourCrowd\Source\DetourPathQueue.cpp">
      <Filter>Source Files</Filter>
    </ClCompile>
    <ClCompile Include="C:\Users\hyeon-308-9\Network_IOCP_FianlProject\GameServer\recastnavigation\DetourCrowd\Source\DetourProximityGrid.cpp">
      <Filter>Source Files</Filter>
    </ClCompile>
  </ItemGroup>
  <ItemGroup>
    <CustomBuild Include="C:\Users\hyeon-308-9\Network_IOCP_FianlProject\GameServer\recastnavigation\DetourCrowd\CMakeLists.txt" />
  </ItemGroup>
  <ItemGroup>
    <Filter Include="Source Files">
      <UniqueIdentifier>{927FB829-6BAA-3DF1-9459-FEBF27CB8A6A}</UniqueIdentifier>
    </Filter>
  </ItemGroup>
</Project>
